// !$*UTF8*$!
{
	archiveVersion = 1;
	classes = {
	};
	objectVersion = 46;
	objects = {

/* Begin PBXBuildFile section */
		430784671A8550DF001ED415 /* DLRUIKit.framework in Frameworks */ = {isa = PBXBuildFile; fileRef = 439372E71A851D8B00A552D5 /* DLRUIKit.framework */; };
		4322702F1A854C0B00EC6EED /* main.m in Sources */ = {isa = PBXBuildFile; fileRef = 4322702E1A854C0B00EC6EED /* main.m */; };
		432270321A854C0B00EC6EED /* AppDelegate.m in Sources */ = {isa = PBXBuildFile; fileRef = 432270311A854C0B00EC6EED /* AppDelegate.m */; };
		432270381A854C0C00EC6EED /* Main.storyboard in Resources */ = {isa = PBXBuildFile; fileRef = 432270361A854C0C00EC6EED /* Main.storyboard */; };
		4322703A1A854C0C00EC6EED /* Images.xcassets in Resources */ = {isa = PBXBuildFile; fileRef = 432270391A854C0C00EC6EED /* Images.xcassets */; };
		4322703D1A854C0C00EC6EED /* LaunchScreen.xib in Resources */ = {isa = PBXBuildFile; fileRef = 4322703B1A854C0C00EC6EED /* LaunchScreen.xib */; };
		433676F81A8553D80012D0FE /* ColorViewController.m in Sources */ = {isa = PBXBuildFile; fileRef = 433676F71A8553D80012D0FE /* ColorViewController.m */; };
		433A86FF1A85606A008CFA82 /* ButtonViewController.m in Sources */ = {isa = PBXBuildFile; fileRef = 433A86FE1A85606A008CFA82 /* ButtonViewController.m */; };
		433A87021A8561C2008CFA82 /* UIButton+DLR.h in Headers */ = {isa = PBXBuildFile; fileRef = 433A87001A8561C2008CFA82 /* UIButton+DLR.h */; };
		433A87031A8561C2008CFA82 /* UIButton+DLR.m in Sources */ = {isa = PBXBuildFile; fileRef = 433A87011A8561C2008CFA82 /* UIButton+DLR.m */; };
		433A87051A856455008CFA82 /* UIButton+DLRTests.m in Sources */ = {isa = PBXBuildFile; fileRef = 433A87041A856455008CFA82 /* UIButton+DLRTests.m */; };
		433A87091A856929008CFA82 /* ParentViewController.m in Sources */ = {isa = PBXBuildFile; fileRef = 433A87081A856929008CFA82 /* ParentViewController.m */; };
		433C59EF1AC30B100014EFB8 /* UIViewController+DLRStoryboardManagerTests.m in Sources */ = {isa = PBXBuildFile; fileRef = 433C59EE1AC30B100014EFB8 /* UIViewController+DLRStoryboardManagerTests.m */; };
		433C59F81AC311230014EFB8 /* DLRStoryboardManagerTests.m in Sources */ = {isa = PBXBuildFile; fileRef = 433C59F71AC311230014EFB8 /* DLRStoryboardManagerTests.m */; };
		433C59FC1AC335BE0014EFB8 /* DLRLayoutConstraint.h in Headers */ = {isa = PBXBuildFile; fileRef = 433C59FA1AC335BE0014EFB8 /* DLRLayoutConstraint.h */; };
		433C59FD1AC335BE0014EFB8 /* DLRLayoutConstraint.m in Sources */ = {isa = PBXBuildFile; fileRef = 433C59FB1AC335BE0014EFB8 /* DLRLayoutConstraint.m */; };
		433C5A001AC336B10014EFB8 /* DLRLayoutConstraintTests.m in Sources */ = {isa = PBXBuildFile; fileRef = 433C59FF1AC336B10014EFB8 /* DLRLayoutConstraintTests.m */; };
		433C5A041AC338250014EFB8 /* LayoutConstraintViewController.m in Sources */ = {isa = PBXBuildFile; fileRef = 433C5A031AC338250014EFB8 /* LayoutConstraintViewController.m */; };
		435C37501B151C98003A0910 /* UIViewController+DLRPresentedViewController.h in Headers */ = {isa = PBXBuildFile; fileRef = 435C374E1B151C98003A0910 /* UIViewController+DLRPresentedViewController.h */; };
		435C37511B151C98003A0910 /* UIViewController+DLRPresentedViewController.m in Sources */ = {isa = PBXBuildFile; fileRef = 435C374F1B151C98003A0910 /* UIViewController+DLRPresentedViewController.m */; };
		435C37531B151DA9003A0910 /* UIViewController+DLRPresentedViewControllerTests.m in Sources */ = {isa = PBXBuildFile; fileRef = 435C37521B151DA9003A0910 /* UIViewController+DLRPresentedViewControllerTests.m */; };
		4362BDC01A8ABA5900B3A89E /* UIDevice+DLR.h in Headers */ = {isa = PBXBuildFile; fileRef = 4362BDBE1A8ABA5900B3A89E /* UIDevice+DLR.h */; };
		4362BDC11A8ABA5900B3A89E /* UIDevice+DLR.m in Sources */ = {isa = PBXBuildFile; fileRef = 4362BDBF1A8ABA5900B3A89E /* UIDevice+DLR.m */; };
		4362BDC31A8AC0C400B3A89E /* UIDevice+DLRTests.m in Sources */ = {isa = PBXBuildFile; fileRef = 4362BDC21A8AC0C400B3A89E /* UIDevice+DLRTests.m */; };
		4388EE101AF11DA400CD2140 /* UINavigationController+DLR.h in Headers */ = {isa = PBXBuildFile; fileRef = 4388EE0E1AF11DA400CD2140 /* UINavigationController+DLR.h */; };
		4388EE111AF11DA400CD2140 /* UINavigationController+DLR.m in Sources */ = {isa = PBXBuildFile; fileRef = 4388EE0F1AF11DA400CD2140 /* UINavigationController+DLR.m */; };
		4388EE131AF11DB700CD2140 /* UINavigationController+DLRTests.m in Sources */ = {isa = PBXBuildFile; fileRef = 4388EE121AF11DB700CD2140 /* UINavigationController+DLRTests.m */; };
		4388EE161AF11E9100CD2140 /* UIViewController+DLRNavigationController.h in Headers */ = {isa = PBXBuildFile; fileRef = 4388EE141AF11E9100CD2140 /* UIViewController+DLRNavigationController.h */; };
		4388EE171AF11E9100CD2140 /* UIViewController+DLRNavigationController.m in Sources */ = {isa = PBXBuildFile; fileRef = 4388EE151AF11E9100CD2140 /* UIViewController+DLRNavigationController.m */; };
		4388EE191AF11F0200CD2140 /* UIViewController+DLRNavigationControllerTests.m in Sources */ = {isa = PBXBuildFile; fileRef = 4388EE181AF11F0200CD2140 /* UIViewController+DLRNavigationControllerTests.m */; };
		439372ED1A851D8B00A552D5 /* DLRUIKit.h in Headers */ = {isa = PBXBuildFile; fileRef = 439372EC1A851D8B00A552D5 /* DLRUIKit.h */; settings = {ATTRIBUTES = (Public, ); }; };
		439372F31A851D8B00A552D5 /* DLRUIKit.framework in Frameworks */ = {isa = PBXBuildFile; fileRef = 439372E71A851D8B00A552D5 /* DLRUIKit.framework */; };
		439373661A8521A800A552D5 /* UIApplication+DLRLocalNotifications.h in Headers */ = {isa = PBXBuildFile; fileRef = 439373581A8521A800A552D5 /* UIApplication+DLRLocalNotifications.h */; };
		439373671A8521A800A552D5 /* UIApplication+DLRLocalNotifications.m in Sources */ = {isa = PBXBuildFile; fileRef = 439373591A8521A800A552D5 /* UIApplication+DLRLocalNotifications.m */; };
		439373681A8521A800A552D5 /* UIColor+DLR.h in Headers */ = {isa = PBXBuildFile; fileRef = 4393735A1A8521A800A552D5 /* UIColor+DLR.h */; };
		439373691A8521A800A552D5 /* UIColor+DLR.m in Sources */ = {isa = PBXBuildFile; fileRef = 4393735B1A8521A800A552D5 /* UIColor+DLR.m */; };
		4393736A1A8521A800A552D5 /* UIImage+DLR.h in Headers */ = {isa = PBXBuildFile; fileRef = 4393735C1A8521A800A552D5 /* UIImage+DLR.h */; };
		4393736B1A8521A800A552D5 /* UIImage+DLR.m in Sources */ = {isa = PBXBuildFile; fileRef = 4393735D1A8521A800A552D5 /* UIImage+DLR.m */; };
		4393736C1A8521A800A552D5 /* UIView+DLRLayoutConstraints.h in Headers */ = {isa = PBXBuildFile; fileRef = 4393735E1A8521A800A552D5 /* UIView+DLRLayoutConstraints.h */; };
		4393736D1A8521A800A552D5 /* UIView+DLRLayoutConstraints.m in Sources */ = {isa = PBXBuildFile; fileRef = 4393735F1A8521A800A552D5 /* UIView+DLRLayoutConstraints.m */; };
		4393736E1A8521A800A552D5 /* UIView+DLRRoundedCorners.h in Headers */ = {isa = PBXBuildFile; fileRef = 439373601A8521A800A552D5 /* UIView+DLRRoundedCorners.h */; };
		4393736F1A8521A800A552D5 /* UIView+DLRRoundedCorners.m in Sources */ = {isa = PBXBuildFile; fileRef = 439373611A8521A800A552D5 /* UIView+DLRRoundedCorners.m */; };
		439373701A8521A800A552D5 /* UIViewController+DLRParentViewController.h in Headers */ = {isa = PBXBuildFile; fileRef = 439373621A8521A800A552D5 /* UIViewController+DLRParentViewController.h */; };
		439373711A8521A800A552D5 /* UIViewController+DLRParentViewController.m in Sources */ = {isa = PBXBuildFile; fileRef = 439373631A8521A800A552D5 /* UIViewController+DLRParentViewController.m */; };
		439373721A8521A800A552D5 /* UIWebView+DLRViewport.h in Headers */ = {isa = PBXBuildFile; fileRef = 439373641A8521A800A552D5 /* UIWebView+DLRViewport.h */; };
		439373731A8521A800A552D5 /* UIWebView+DLRViewport.m in Sources */ = {isa = PBXBuildFile; fileRef = 439373651A8521A800A552D5 /* UIWebView+DLRViewport.m */; };
		4393737C1A85220F00A552D5 /* UIApplication+DLRLocalNotificationsTests.m in Sources */ = {isa = PBXBuildFile; fileRef = 439373751A85220F00A552D5 /* UIApplication+DLRLocalNotificationsTests.m */; };
		4393737D1A85220F00A552D5 /* UIColor+DLRTests.m in Sources */ = {isa = PBXBuildFile; fileRef = 439373761A85220F00A552D5 /* UIColor+DLRTests.m */; };
		4393737E1A85220F00A552D5 /* UIImage+DLRTests.m in Sources */ = {isa = PBXBuildFile; fileRef = 439373771A85220F00A552D5 /* UIImage+DLRTests.m */; };
		4393737F1A85220F00A552D5 /* UIView+DLRLayoutConstraintsTests.m in Sources */ = {isa = PBXBuildFile; fileRef = 439373781A85220F00A552D5 /* UIView+DLRLayoutConstraintsTests.m */; };
		439373801A85220F00A552D5 /* UIView+DLRRoundedCornersTests.m in Sources */ = {isa = PBXBuildFile; fileRef = 439373791A85220F00A552D5 /* UIView+DLRRoundedCornersTests.m */; };
		439373811A85220F00A552D5 /* UIViewController+DLRParentViewControllerTests.m in Sources */ = {isa = PBXBuildFile; fileRef = 4393737A1A85220F00A552D5 /* UIViewController+DLRParentViewControllerTests.m */; };
		439373821A85220F00A552D5 /* UIWebView+DLRViewportTests.m in Sources */ = {isa = PBXBuildFile; fileRef = 4393737B1A85220F00A552D5 /* UIWebView+DLRViewportTests.m */; };
		43B4C20A1A8C194C00680976 /* ChildViewController.m in Sources */ = {isa = PBXBuildFile; fileRef = 43B4C2091A8C194C00680976 /* ChildViewController.m */; };
		43B4C20D1A8C19C300680976 /* UIViewController+DLRStoryboardManager.h in Headers */ = {isa = PBXBuildFile; fileRef = 43B4C20B1A8C19C300680976 /* UIViewController+DLRStoryboardManager.h */; };
		43B4C20E1A8C19C300680976 /* UIViewController+DLRStoryboardManager.m in Sources */ = {isa = PBXBuildFile; fileRef = 43B4C20C1A8C19C300680976 /* UIViewController+DLRStoryboardManager.m */; };
		43B4C2121A8C1B2B00680976 /* DLRStoryboardManager.h in Headers */ = {isa = PBXBuildFile; fileRef = 43B4C2101A8C1B2B00680976 /* DLRStoryboardManager.h */; };
		43B4C2131A8C1B2B00680976 /* DLRStoryboardManager.m in Sources */ = {isa = PBXBuildFile; fileRef = 43B4C2111A8C1B2B00680976 /* DLRStoryboardManager.m */; };
		43B4C2161A8C1CB100680976 /* Another.storyboard in Resources */ = {isa = PBXBuildFile; fileRef = 43B4C2141A8C1CB100680976 /* Another.storyboard */; };
		43B4C2191A8C1D4900680976 /* AnotherViewController.m in Sources */ = {isa = PBXBuildFile; fileRef = 43B4C2181A8C1D4900680976 /* AnotherViewController.m */; };
		43B4C21C1A8C21E500680976 /* DLRStoryboardManager+Main.m in Sources */ = {isa = PBXBuildFile; fileRef = 43B4C21B1A8C21E500680976 /* DLRStoryboardManager+Main.m */; };
		43B4C21F1A8C229E00680976 /* DLRStoryboardManager+Another.m in Sources */ = {isa = PBXBuildFile; fileRef = 43B4C21E1A8C229E00680976 /* DLRStoryboardManager+Another.m */; };
/* End PBXBuildFile section */

/* Begin PBXContainerItemProxy section */
		432270501A854C3500EC6EED /* PBXContainerItemProxy */ = {
			isa = PBXContainerItemProxy;
			containerPortal = 439372DE1A851D8B00A552D5 /* Project object */;
			proxyType = 1;
			remoteGlobalIDString = 432270291A854C0B00EC6EED;
			remoteInfo = DLRUIKitExampleApp;
		};
		439372F41A851D8B00A552D5 /* PBXContainerItemProxy */ = {
			isa = PBXContainerItemProxy;
			containerPortal = 439372DE1A851D8B00A552D5 /* Project object */;
			proxyType = 1;
			remoteGlobalIDString = 439372E61A851D8B00A552D5;
			remoteInfo = DLRUIKit;
		};
/* End PBXContainerItemProxy section */

/* Begin PBXFileReference section */
		4320920C1AA10731008286B8 /* DLRStoryboardManager.xsl */ = {isa = PBXFileReference; lastKnownFileType = text.xml; name = DLRStoryboardManager.xsl; path = bin/resources/DLRStoryboardManager.xsl; sourceTree = SOURCE_ROOT; };
		4320920D1AA10731008286B8 /* DLRStoryboardManager.sh */ = {isa = PBXFileReference; lastKnownFileType = text.script.sh; name = DLRStoryboardManager.sh; path = bin/DLRStoryboardManager.sh; sourceTree = SOURCE_ROOT; };
		432270231A85465F00EC6EED /* DLRUIKit.podspec */ = {isa = PBXFileReference; lastKnownFileType = text; path = DLRUIKit.podspec; sourceTree = "<group>"; };
		432270241A85465F00EC6EED /* LICENSE */ = {isa = PBXFileReference; lastKnownFileType = text; path = LICENSE; sourceTree = "<group>"; };
		432270251A85465F00EC6EED /* README.md */ = {isa = PBXFileReference; lastKnownFileType = net.daringfireball.markdown; path = README.md; sourceTree = "<group>"; };
		4322702A1A854C0B00EC6EED /* DLRUIKitExampleApp.app */ = {isa = PBXFileReference; explicitFileType = wrapper.application; includeInIndex = 0; path = DLRUIKitExampleApp.app; sourceTree = BUILT_PRODUCTS_DIR; };
		4322702D1A854C0B00EC6EED /* Info.plist */ = {isa = PBXFileReference; lastKnownFileType = text.plist.xml; path = Info.plist; sourceTree = "<group>"; };
		4322702E1A854C0B00EC6EED /* main.m */ = {isa = PBXFileReference; lastKnownFileType = sourcecode.c.objc; path = main.m; sourceTree = "<group>"; };
		432270301A854C0B00EC6EED /* AppDelegate.h */ = {isa = PBXFileReference; lastKnownFileType = sourcecode.c.h; path = AppDelegate.h; sourceTree = "<group>"; };
		432270311A854C0B00EC6EED /* AppDelegate.m */ = {isa = PBXFileReference; lastKnownFileType = sourcecode.c.objc; path = AppDelegate.m; sourceTree = "<group>"; };
		432270371A854C0C00EC6EED /* Base */ = {isa = PBXFileReference; lastKnownFileType = file.storyboard; name = Base; path = Base.lproj/Main.storyboard; sourceTree = "<group>"; };
		432270391A854C0C00EC6EED /* Images.xcassets */ = {isa = PBXFileReference; lastKnownFileType = folder.assetcatalog; path = Images.xcassets; sourceTree = "<group>"; };
		4322703C1A854C0C00EC6EED /* Base */ = {isa = PBXFileReference; lastKnownFileType = file.xib; name = Base; path = Base.lproj/LaunchScreen.xib; sourceTree = "<group>"; };
		433676F61A8553D80012D0FE /* ColorViewController.h */ = {isa = PBXFileReference; fileEncoding = 4; lastKnownFileType = sourcecode.c.h; path = ColorViewController.h; sourceTree = "<group>"; };
		433676F71A8553D80012D0FE /* ColorViewController.m */ = {isa = PBXFileReference; fileEncoding = 4; lastKnownFileType = sourcecode.c.objc; path = ColorViewController.m; sourceTree = "<group>"; };
		433A86FD1A85606A008CFA82 /* ButtonViewController.h */ = {isa = PBXFileReference; fileEncoding = 4; lastKnownFileType = sourcecode.c.h; path = ButtonViewController.h; sourceTree = "<group>"; };
		433A86FE1A85606A008CFA82 /* ButtonViewController.m */ = {isa = PBXFileReference; fileEncoding = 4; lastKnownFileType = sourcecode.c.objc; path = ButtonViewController.m; sourceTree = "<group>"; };
		433A87001A8561C2008CFA82 /* UIButton+DLR.h */ = {isa = PBXFileReference; fileEncoding = 4; lastKnownFileType = sourcecode.c.h; path = "UIButton+DLR.h"; sourceTree = "<group>"; };
		433A87011A8561C2008CFA82 /* UIButton+DLR.m */ = {isa = PBXFileReference; fileEncoding = 4; lastKnownFileType = sourcecode.c.objc; path = "UIButton+DLR.m"; sourceTree = "<group>"; };
		433A87041A856455008CFA82 /* UIButton+DLRTests.m */ = {isa = PBXFileReference; fileEncoding = 4; lastKnownFileType = sourcecode.c.objc; path = "UIButton+DLRTests.m"; sourceTree = "<group>"; };
		433A87071A856929008CFA82 /* ParentViewController.h */ = {isa = PBXFileReference; fileEncoding = 4; lastKnownFileType = sourcecode.c.h; path = ParentViewController.h; sourceTree = "<group>"; };
		433A87081A856929008CFA82 /* ParentViewController.m */ = {isa = PBXFileReference; fileEncoding = 4; lastKnownFileType = sourcecode.c.objc; path = ParentViewController.m; sourceTree = "<group>"; };
		433C59EE1AC30B100014EFB8 /* UIViewController+DLRStoryboardManagerTests.m */ = {isa = PBXFileReference; fileEncoding = 4; lastKnownFileType = sourcecode.c.objc; path = "UIViewController+DLRStoryboardManagerTests.m"; sourceTree = "<group>"; };
		433C59F71AC311230014EFB8 /* DLRStoryboardManagerTests.m */ = {isa = PBXFileReference; fileEncoding = 4; lastKnownFileType = sourcecode.c.objc; path = DLRStoryboardManagerTests.m; sourceTree = "<group>"; };
		433C59FA1AC335BE0014EFB8 /* DLRLayoutConstraint.h */ = {isa = PBXFileReference; fileEncoding = 4; lastKnownFileType = sourcecode.c.h; path = DLRLayoutConstraint.h; sourceTree = "<group>"; };
		433C59FB1AC335BE0014EFB8 /* DLRLayoutConstraint.m */ = {isa = PBXFileReference; fileEncoding = 4; lastKnownFileType = sourcecode.c.objc; path = DLRLayoutConstraint.m; sourceTree = "<group>"; };
		433C59FF1AC336B10014EFB8 /* DLRLayoutConstraintTests.m */ = {isa = PBXFileReference; fileEncoding = 4; lastKnownFileType = sourcecode.c.objc; path = DLRLayoutConstraintTests.m; sourceTree = "<group>"; };
		433C5A021AC338250014EFB8 /* LayoutConstraintViewController.h */ = {isa = PBXFileReference; fileEncoding = 4; lastKnownFileType = sourcecode.c.h; path = LayoutConstraintViewController.h; sourceTree = "<group>"; };
		433C5A031AC338250014EFB8 /* LayoutConstraintViewController.m */ = {isa = PBXFileReference; fileEncoding = 4; lastKnownFileType = sourcecode.c.objc; path = LayoutConstraintViewController.m; sourceTree = "<group>"; };
		435C374E1B151C98003A0910 /* UIViewController+DLRPresentedViewController.h */ = {isa = PBXFileReference; fileEncoding = 4; lastKnownFileType = sourcecode.c.h; path = "UIViewController+DLRPresentedViewController.h"; sourceTree = "<group>"; };
		435C374F1B151C98003A0910 /* UIViewController+DLRPresentedViewController.m */ = {isa = PBXFileReference; fileEncoding = 4; lastKnownFileType = sourcecode.c.objc; path = "UIViewController+DLRPresentedViewController.m"; sourceTree = "<group>"; };
		435C37521B151DA9003A0910 /* UIViewController+DLRPresentedViewControllerTests.m */ = {isa = PBXFileReference; fileEncoding = 4; lastKnownFileType = sourcecode.c.objc; path = "UIViewController+DLRPresentedViewControllerTests.m"; sourceTree = "<group>"; };
		4362BDBE1A8ABA5900B3A89E /* UIDevice+DLR.h */ = {isa = PBXFileReference; fileEncoding = 4; lastKnownFileType = sourcecode.c.h; path = "UIDevice+DLR.h"; sourceTree = "<group>"; };
		4362BDBF1A8ABA5900B3A89E /* UIDevice+DLR.m */ = {isa = PBXFileReference; fileEncoding = 4; lastKnownFileType = sourcecode.c.objc; path = "UIDevice+DLR.m"; sourceTree = "<group>"; };
		4362BDC21A8AC0C400B3A89E /* UIDevice+DLRTests.m */ = {isa = PBXFileReference; fileEncoding = 4; lastKnownFileType = sourcecode.c.objc; path = "UIDevice+DLRTests.m"; sourceTree = "<group>"; };
		4388EE0E1AF11DA400CD2140 /* UINavigationController+DLR.h */ = {isa = PBXFileReference; fileEncoding = 4; lastKnownFileType = sourcecode.c.h; path = "UINavigationController+DLR.h"; sourceTree = "<group>"; };
		4388EE0F1AF11DA400CD2140 /* UINavigationController+DLR.m */ = {isa = PBXFileReference; fileEncoding = 4; lastKnownFileType = sourcecode.c.objc; path = "UINavigationController+DLR.m"; sourceTree = "<group>"; };
		4388EE121AF11DB700CD2140 /* UINavigationController+DLRTests.m */ = {isa = PBXFileReference; fileEncoding = 4; lastKnownFileType = sourcecode.c.objc; path = "UINavigationController+DLRTests.m"; sourceTree = "<group>"; };
		4388EE141AF11E9100CD2140 /* UIViewController+DLRNavigationController.h */ = {isa = PBXFileReference; fileEncoding = 4; lastKnownFileType = sourcecode.c.h; path = "UIViewController+DLRNavigationController.h"; sourceTree = "<group>"; };
		4388EE151AF11E9100CD2140 /* UIViewController+DLRNavigationController.m */ = {isa = PBXFileReference; fileEncoding = 4; lastKnownFileType = sourcecode.c.objc; path = "UIViewController+DLRNavigationController.m"; sourceTree = "<group>"; };
		4388EE181AF11F0200CD2140 /* UIViewController+DLRNavigationControllerTests.m */ = {isa = PBXFileReference; fileEncoding = 4; lastKnownFileType = sourcecode.c.objc; path = "UIViewController+DLRNavigationControllerTests.m"; sourceTree = "<group>"; };
		439372E71A851D8B00A552D5 /* DLRUIKit.framework */ = {isa = PBXFileReference; explicitFileType = wrapper.framework; includeInIndex = 0; path = DLRUIKit.framework; sourceTree = BUILT_PRODUCTS_DIR; };
		439372EB1A851D8B00A552D5 /* Info.plist */ = {isa = PBXFileReference; lastKnownFileType = text.plist.xml; path = Info.plist; sourceTree = "<group>"; };
		439372EC1A851D8B00A552D5 /* DLRUIKit.h */ = {isa = PBXFileReference; lastKnownFileType = sourcecode.c.h; path = DLRUIKit.h; sourceTree = "<group>"; };
		439372F21A851D8B00A552D5 /* DLRUIKitTests.xctest */ = {isa = PBXFileReference; explicitFileType = wrapper.cfbundle; includeInIndex = 0; path = DLRUIKitTests.xctest; sourceTree = BUILT_PRODUCTS_DIR; };
		439372F81A851D8B00A552D5 /* Info.plist */ = {isa = PBXFileReference; lastKnownFileType = text.plist.xml; path = Info.plist; sourceTree = "<group>"; };
		439373581A8521A800A552D5 /* UIApplication+DLRLocalNotifications.h */ = {isa = PBXFileReference; fileEncoding = 4; lastKnownFileType = sourcecode.c.h; path = "UIApplication+DLRLocalNotifications.h"; sourceTree = "<group>"; };
		439373591A8521A800A552D5 /* UIApplication+DLRLocalNotifications.m */ = {isa = PBXFileReference; fileEncoding = 4; lastKnownFileType = sourcecode.c.objc; path = "UIApplication+DLRLocalNotifications.m"; sourceTree = "<group>"; };
		4393735A1A8521A800A552D5 /* UIColor+DLR.h */ = {isa = PBXFileReference; fileEncoding = 4; lastKnownFileType = sourcecode.c.h; path = "UIColor+DLR.h"; sourceTree = "<group>"; };
		4393735B1A8521A800A552D5 /* UIColor+DLR.m */ = {isa = PBXFileReference; fileEncoding = 4; lastKnownFileType = sourcecode.c.objc; path = "UIColor+DLR.m"; sourceTree = "<group>"; };
		4393735C1A8521A800A552D5 /* UIImage+DLR.h */ = {isa = PBXFileReference; fileEncoding = 4; lastKnownFileType = sourcecode.c.h; path = "UIImage+DLR.h"; sourceTree = "<group>"; };
		4393735D1A8521A800A552D5 /* UIImage+DLR.m */ = {isa = PBXFileReference; fileEncoding = 4; lastKnownFileType = sourcecode.c.objc; path = "UIImage+DLR.m"; sourceTree = "<group>"; };
		4393735E1A8521A800A552D5 /* UIView+DLRLayoutConstraints.h */ = {isa = PBXFileReference; fileEncoding = 4; lastKnownFileType = sourcecode.c.h; path = "UIView+DLRLayoutConstraints.h"; sourceTree = "<group>"; };
		4393735F1A8521A800A552D5 /* UIView+DLRLayoutConstraints.m */ = {isa = PBXFileReference; fileEncoding = 4; lastKnownFileType = sourcecode.c.objc; path = "UIView+DLRLayoutConstraints.m"; sourceTree = "<group>"; };
		439373601A8521A800A552D5 /* UIView+DLRRoundedCorners.h */ = {isa = PBXFileReference; fileEncoding = 4; lastKnownFileType = sourcecode.c.h; path = "UIView+DLRRoundedCorners.h"; sourceTree = "<group>"; };
		439373611A8521A800A552D5 /* UIView+DLRRoundedCorners.m */ = {isa = PBXFileReference; fileEncoding = 4; lastKnownFileType = sourcecode.c.objc; path = "UIView+DLRRoundedCorners.m"; sourceTree = "<group>"; };
		439373621A8521A800A552D5 /* UIViewController+DLRParentViewController.h */ = {isa = PBXFileReference; fileEncoding = 4; lastKnownFileType = sourcecode.c.h; path = "UIViewController+DLRParentViewController.h"; sourceTree = "<group>"; };
		439373631A8521A800A552D5 /* UIViewController+DLRParentViewController.m */ = {isa = PBXFileReference; fileEncoding = 4; lastKnownFileType = sourcecode.c.objc; path = "UIViewController+DLRParentViewController.m"; sourceTree = "<group>"; };
		439373641A8521A800A552D5 /* UIWebView+DLRViewport.h */ = {isa = PBXFileReference; fileEncoding = 4; lastKnownFileType = sourcecode.c.h; path = "UIWebView+DLRViewport.h"; sourceTree = "<group>"; };
		439373651A8521A800A552D5 /* UIWebView+DLRViewport.m */ = {isa = PBXFileReference; fileEncoding = 4; lastKnownFileType = sourcecode.c.objc; path = "UIWebView+DLRViewport.m"; sourceTree = "<group>"; };
		439373751A85220F00A552D5 /* UIApplication+DLRLocalNotificationsTests.m */ = {isa = PBXFileReference; fileEncoding = 4; lastKnownFileType = sourcecode.c.objc; path = "UIApplication+DLRLocalNotificationsTests.m"; sourceTree = "<group>"; };
		439373761A85220F00A552D5 /* UIColor+DLRTests.m */ = {isa = PBXFileReference; fileEncoding = 4; lastKnownFileType = sourcecode.c.objc; path = "UIColor+DLRTests.m"; sourceTree = "<group>"; };
		439373771A85220F00A552D5 /* UIImage+DLRTests.m */ = {isa = PBXFileReference; fileEncoding = 4; lastKnownFileType = sourcecode.c.objc; path = "UIImage+DLRTests.m"; sourceTree = "<group>"; };
		439373781A85220F00A552D5 /* UIView+DLRLayoutConstraintsTests.m */ = {isa = PBXFileReference; fileEncoding = 4; lastKnownFileType = sourcecode.c.objc; path = "UIView+DLRLayoutConstraintsTests.m"; sourceTree = "<group>"; };
		439373791A85220F00A552D5 /* UIView+DLRRoundedCornersTests.m */ = {isa = PBXFileReference; fileEncoding = 4; lastKnownFileType = sourcecode.c.objc; path = "UIView+DLRRoundedCornersTests.m"; sourceTree = "<group>"; };
		4393737A1A85220F00A552D5 /* UIViewController+DLRParentViewControllerTests.m */ = {isa = PBXFileReference; fileEncoding = 4; lastKnownFileType = sourcecode.c.objc; path = "UIViewController+DLRParentViewControllerTests.m"; sourceTree = "<group>"; };
		4393737B1A85220F00A552D5 /* UIWebView+DLRViewportTests.m */ = {isa = PBXFileReference; fileEncoding = 4; lastKnownFileType = sourcecode.c.objc; path = "UIWebView+DLRViewportTests.m"; sourceTree = "<group>"; };
		43B4C2081A8C194C00680976 /* ChildViewController.h */ = {isa = PBXFileReference; fileEncoding = 4; lastKnownFileType = sourcecode.c.h; path = ChildViewController.h; sourceTree = "<group>"; };
		43B4C2091A8C194C00680976 /* ChildViewController.m */ = {isa = PBXFileReference; fileEncoding = 4; lastKnownFileType = sourcecode.c.objc; path = ChildViewController.m; sourceTree = "<group>"; };
		43B4C20B1A8C19C300680976 /* UIViewController+DLRStoryboardManager.h */ = {isa = PBXFileReference; fileEncoding = 4; lastKnownFileType = sourcecode.c.h; path = "UIViewController+DLRStoryboardManager.h"; sourceTree = "<group>"; };
		43B4C20C1A8C19C300680976 /* UIViewController+DLRStoryboardManager.m */ = {isa = PBXFileReference; fileEncoding = 4; lastKnownFileType = sourcecode.c.objc; path = "UIViewController+DLRStoryboardManager.m"; sourceTree = "<group>"; };
		43B4C2101A8C1B2B00680976 /* DLRStoryboardManager.h */ = {isa = PBXFileReference; fileEncoding = 4; lastKnownFileType = sourcecode.c.h; path = DLRStoryboardManager.h; sourceTree = "<group>"; };
		43B4C2111A8C1B2B00680976 /* DLRStoryboardManager.m */ = {isa = PBXFileReference; fileEncoding = 4; lastKnownFileType = sourcecode.c.objc; path = DLRStoryboardManager.m; sourceTree = "<group>"; };
		43B4C2151A8C1CB100680976 /* Base */ = {isa = PBXFileReference; lastKnownFileType = file.storyboard; name = Base; path = Base.lproj/Another.storyboard; sourceTree = "<group>"; };
		43B4C2171A8C1D4900680976 /* AnotherViewController.h */ = {isa = PBXFileReference; fileEncoding = 4; lastKnownFileType = sourcecode.c.h; path = AnotherViewController.h; sourceTree = "<group>"; };
		43B4C2181A8C1D4900680976 /* AnotherViewController.m */ = {isa = PBXFileReference; fileEncoding = 4; lastKnownFileType = sourcecode.c.objc; path = AnotherViewController.m; sourceTree = "<group>"; };
		43B4C21B1A8C21E500680976 /* DLRStoryboardManager+Main.m */ = {isa = PBXFileReference; fileEncoding = 4; lastKnownFileType = sourcecode.c.objc; path = "DLRStoryboardManager+Main.m"; sourceTree = "<group>"; };
		43B4C21E1A8C229E00680976 /* DLRStoryboardManager+Another.m */ = {isa = PBXFileReference; fileEncoding = 4; lastKnownFileType = sourcecode.c.objc; path = "DLRStoryboardManager+Another.m"; sourceTree = "<group>"; };
/* End PBXFileReference section */

/* Begin PBXFrameworksBuildPhase section */
		432270271A854C0B00EC6EED /* Frameworks */ = {
			isa = PBXFrameworksBuildPhase;
			buildActionMask = 2147483647;
			files = (
				430784671A8550DF001ED415 /* DLRUIKit.framework in Frameworks */,
			);
			runOnlyForDeploymentPostprocessing = 0;
		};
		439372E31A851D8B00A552D5 /* Frameworks */ = {
			isa = PBXFrameworksBuildPhase;
			buildActionMask = 2147483647;
			files = (
			);
			runOnlyForDeploymentPostprocessing = 0;
		};
		439372EF1A851D8B00A552D5 /* Frameworks */ = {
			isa = PBXFrameworksBuildPhase;
			buildActionMask = 2147483647;
			files = (
				439372F31A851D8B00A552D5 /* DLRUIKit.framework in Frameworks */,
			);
			runOnlyForDeploymentPostprocessing = 0;
		};
/* End PBXFrameworksBuildPhase section */

/* Begin PBXGroup section */
		4320920B1AA10717008286B8 /* bin */ = {
			isa = PBXGroup;
			children = (
				4320920D1AA10731008286B8 /* DLRStoryboardManager.sh */,
				4320920C1AA10731008286B8 /* DLRStoryboardManager.xsl */,
			);
			name = bin;
			sourceTree = "<group>";
		};
		432270221A85464F00EC6EED /* Supporting Files */ = {
			isa = PBXGroup;
			children = (
				432270231A85465F00EC6EED /* DLRUIKit.podspec */,
				432270241A85465F00EC6EED /* LICENSE */,
				432270251A85465F00EC6EED /* README.md */,
			);
			name = "Supporting Files";
			sourceTree = "<group>";
		};
		4322702B1A854C0B00EC6EED /* DLRUIKitExampleApp */ = {
			isa = PBXGroup;
			children = (
				433676F41A8553480012D0FE /* Source */,
				433676F31A8552F70012D0FE /* Resources */,
				4322702C1A854C0B00EC6EED /* Supporting Files */,
			);
			path = DLRUIKitExampleApp;
			sourceTree = "<group>";
		};
		4322702C1A854C0B00EC6EED /* Supporting Files */ = {
			isa = PBXGroup;
			children = (
				4322702D1A854C0B00EC6EED /* Info.plist */,
				4322702E1A854C0B00EC6EED /* main.m */,
			);
			name = "Supporting Files";
			sourceTree = "<group>";
		};
		433676F31A8552F70012D0FE /* Resources */ = {
			isa = PBXGroup;
			children = (
				43B4C2141A8C1CB100680976 /* Another.storyboard */,
				432270391A854C0C00EC6EED /* Images.xcassets */,
				4322703B1A854C0C00EC6EED /* LaunchScreen.xib */,
				432270361A854C0C00EC6EED /* Main.storyboard */,
			);
			name = Resources;
			path = resources;
			sourceTree = "<group>";
		};
		433676F41A8553480012D0FE /* Source */ = {
			isa = PBXGroup;
			children = (
				433C5A011AC337F50014EFB8 /* DLRLayoutConstraint */,
				433A87061A85690E008CFA82 /* DLRParentViewController */,
				433A86FC1A855F5C008CFA82 /* UIButton */,
				433676F51A85535A0012D0FE /* UIColor */,
				432270301A854C0B00EC6EED /* AppDelegate.h */,
				432270311A854C0B00EC6EED /* AppDelegate.m */,
			);
			name = Source;
			path = source;
			sourceTree = "<group>";
		};
		433676F51A85535A0012D0FE /* UIColor */ = {
			isa = PBXGroup;
			children = (
				433676F61A8553D80012D0FE /* ColorViewController.h */,
				433676F71A8553D80012D0FE /* ColorViewController.m */,
			);
			name = UIColor;
			sourceTree = "<group>";
		};
		433A86FC1A855F5C008CFA82 /* UIButton */ = {
			isa = PBXGroup;
			children = (
				433A86FD1A85606A008CFA82 /* ButtonViewController.h */,
				433A86FE1A85606A008CFA82 /* ButtonViewController.m */,
			);
			name = UIButton;
			sourceTree = "<group>";
		};
		433A87061A85690E008CFA82 /* DLRParentViewController */ = {
			isa = PBXGroup;
			children = (
				43B4C2171A8C1D4900680976 /* AnotherViewController.h */,
				43B4C2181A8C1D4900680976 /* AnotherViewController.m */,
				43B4C2081A8C194C00680976 /* ChildViewController.h */,
				43B4C2091A8C194C00680976 /* ChildViewController.m */,
				43B4C21E1A8C229E00680976 /* DLRStoryboardManager+Another.m */,
				43B4C21B1A8C21E500680976 /* DLRStoryboardManager+Main.m */,
				433A87071A856929008CFA82 /* ParentViewController.h */,
				433A87081A856929008CFA82 /* ParentViewController.m */,
			);
			name = DLRParentViewController;
			sourceTree = "<group>";
		};
		433C59E71AC309E40014EFB8 /* Storyboard Manager Tests */ = {
			isa = PBXGroup;
			children = (
				433C59F71AC311230014EFB8 /* DLRStoryboardManagerTests.m */,
				433C59EE1AC30B100014EFB8 /* UIViewController+DLRStoryboardManagerTests.m */,
			);
			name = "Storyboard Manager Tests";
			path = source;
			sourceTree = "<group>";
		};
		433C59F91AC335A90014EFB8 /* Layout Constraint */ = {
			isa = PBXGroup;
			children = (
				433C59FA1AC335BE0014EFB8 /* DLRLayoutConstraint.h */,
				433C59FB1AC335BE0014EFB8 /* DLRLayoutConstraint.m */,
			);
			name = "Layout Constraint";
			path = source;
			sourceTree = "<group>";
		};
		433C59FE1AC336350014EFB8 /* Layout Constraint Tests */ = {
			isa = PBXGroup;
			children = (
				433C59FF1AC336B10014EFB8 /* DLRLayoutConstraintTests.m */,
			);
			name = "Layout Constraint Tests";
			path = source;
			sourceTree = "<group>";
		};
		433C5A011AC337F50014EFB8 /* DLRLayoutConstraint */ = {
			isa = PBXGroup;
			children = (
				433C5A021AC338250014EFB8 /* LayoutConstraintViewController.h */,
				433C5A031AC338250014EFB8 /* LayoutConstraintViewController.m */,
			);
			name = DLRLayoutConstraint;
			sourceTree = "<group>";
		};
		439372DD1A851D8B00A552D5 = {
			isa = PBXGroup;
			children = (
				439372E91A851D8B00A552D5 /* DLRUIKit */,
				439372F61A851D8B00A552D5 /* DLRUIKitTests */,
				4322702B1A854C0B00EC6EED /* DLRUIKitExampleApp */,
				439372E81A851D8B00A552D5 /* Products */,
				432270221A85464F00EC6EED /* Supporting Files */,
			);
			sourceTree = "<group>";
		};
		439372E81A851D8B00A552D5 /* Products */ = {
			isa = PBXGroup;
			children = (
				439372E71A851D8B00A552D5 /* DLRUIKit.framework */,
				439372F21A851D8B00A552D5 /* DLRUIKitTests.xctest */,
				4322702A1A854C0B00EC6EED /* DLRUIKitExampleApp.app */,
			);
			name = Products;
			sourceTree = "<group>";
		};
		439372E91A851D8B00A552D5 /* DLRUIKit */ = {
			isa = PBXGroup;
			children = (
				439373571A85219400A552D5 /* Categories */,
				433C59F91AC335A90014EFB8 /* Layout Constraint */,
				43B4C20F1A8C1ADA00680976 /* Storyboard Manager */,
				439372EA1A851D8B00A552D5 /* Supporting Files */,
				439372EC1A851D8B00A552D5 /* DLRUIKit.h */,
			);
			path = DLRUIKit;
			sourceTree = "<group>";
		};
		439372EA1A851D8B00A552D5 /* Supporting Files */ = {
			isa = PBXGroup;
			children = (
				439372EB1A851D8B00A552D5 /* Info.plist */,
			);
			name = "Supporting Files";
			sourceTree = "<group>";
		};
		439372F61A851D8B00A552D5 /* DLRUIKitTests */ = {
			isa = PBXGroup;
			children = (
				439373741A8521CB00A552D5 /* Category Tests */,
				433C59FE1AC336350014EFB8 /* Layout Constraint Tests */,
				433C59E71AC309E40014EFB8 /* Storyboard Manager Tests */,
				439372F71A851D8B00A552D5 /* Supporting Files */,
			);
			path = DLRUIKitTests;
			sourceTree = "<group>";
		};
		439372F71A851D8B00A552D5 /* Supporting Files */ = {
			isa = PBXGroup;
			children = (
				439372F81A851D8B00A552D5 /* Info.plist */,
			);
			name = "Supporting Files";
			sourceTree = "<group>";
		};
		439373571A85219400A552D5 /* Categories */ = {
			isa = PBXGroup;
			children = (
				439373581A8521A800A552D5 /* UIApplication+DLRLocalNotifications.h */,
				439373591A8521A800A552D5 /* UIApplication+DLRLocalNotifications.m */,
				433A87001A8561C2008CFA82 /* UIButton+DLR.h */,
				433A87011A8561C2008CFA82 /* UIButton+DLR.m */,
				4393735A1A8521A800A552D5 /* UIColor+DLR.h */,
				4393735B1A8521A800A552D5 /* UIColor+DLR.m */,
				4362BDBE1A8ABA5900B3A89E /* UIDevice+DLR.h */,
				4362BDBF1A8ABA5900B3A89E /* UIDevice+DLR.m */,
				4393735C1A8521A800A552D5 /* UIImage+DLR.h */,
				4393735D1A8521A800A552D5 /* UIImage+DLR.m */,
				4388EE0E1AF11DA400CD2140 /* UINavigationController+DLR.h */,
				4388EE0F1AF11DA400CD2140 /* UINavigationController+DLR.m */,
				4393735E1A8521A800A552D5 /* UIView+DLRLayoutConstraints.h */,
				4393735F1A8521A800A552D5 /* UIView+DLRLayoutConstraints.m */,
				439373601A8521A800A552D5 /* UIView+DLRRoundedCorners.h */,
				439373611A8521A800A552D5 /* UIView+DLRRoundedCorners.m */,
				4388EE141AF11E9100CD2140 /* UIViewController+DLRNavigationController.h */,
				4388EE151AF11E9100CD2140 /* UIViewController+DLRNavigationController.m */,
				439373621A8521A800A552D5 /* UIViewController+DLRParentViewController.h */,
				439373631A8521A800A552D5 /* UIViewController+DLRParentViewController.m */,
				435C374E1B151C98003A0910 /* UIViewController+DLRPresentedViewController.h */,
				435C374F1B151C98003A0910 /* UIViewController+DLRPresentedViewController.m */,
				439373641A8521A800A552D5 /* UIWebView+DLRViewport.h */,
				439373651A8521A800A552D5 /* UIWebView+DLRViewport.m */,
			);
			name = Categories;
			path = source;
			sourceTree = "<group>";
		};
		439373741A8521CB00A552D5 /* Category Tests */ = {
			isa = PBXGroup;
			children = (
				439373751A85220F00A552D5 /* UIApplication+DLRLocalNotificationsTests.m */,
				433A87041A856455008CFA82 /* UIButton+DLRTests.m */,
				439373761A85220F00A552D5 /* UIColor+DLRTests.m */,
				4362BDC21A8AC0C400B3A89E /* UIDevice+DLRTests.m */,
				439373771A85220F00A552D5 /* UIImage+DLRTests.m */,
				4388EE121AF11DB700CD2140 /* UINavigationController+DLRTests.m */,
				439373781A85220F00A552D5 /* UIView+DLRLayoutConstraintsTests.m */,
				439373791A85220F00A552D5 /* UIView+DLRRoundedCornersTests.m */,
				4388EE181AF11F0200CD2140 /* UIViewController+DLRNavigationControllerTests.m */,
				4393737A1A85220F00A552D5 /* UIViewController+DLRParentViewControllerTests.m */,
				435C37521B151DA9003A0910 /* UIViewController+DLRPresentedViewControllerTests.m */,
				4393737B1A85220F00A552D5 /* UIWebView+DLRViewportTests.m */,
			);
			name = "Category Tests";
			path = source;
			sourceTree = "<group>";
		};
		43B4C20F1A8C1ADA00680976 /* Storyboard Manager */ = {
			isa = PBXGroup;
			children = (
				4320920B1AA10717008286B8 /* bin */,
				43B4C20B1A8C19C300680976 /* UIViewController+DLRStoryboardManager.h */,
				43B4C20C1A8C19C300680976 /* UIViewController+DLRStoryboardManager.m */,
				43B4C2101A8C1B2B00680976 /* DLRStoryboardManager.h */,
				43B4C2111A8C1B2B00680976 /* DLRStoryboardManager.m */,
			);
			name = "Storyboard Manager";
			path = source;
			sourceTree = "<group>";
		};
/* End PBXGroup section */

/* Begin PBXHeadersBuildPhase section */
		439372E41A851D8B00A552D5 /* Headers */ = {
			isa = PBXHeadersBuildPhase;
			buildActionMask = 2147483647;
			files = (
				4388EE161AF11E9100CD2140 /* UIViewController+DLRNavigationController.h in Headers */,
				433C59FC1AC335BE0014EFB8 /* DLRLayoutConstraint.h in Headers */,
				439372ED1A851D8B00A552D5 /* DLRUIKit.h in Headers */,
				439373721A8521A800A552D5 /* UIWebView+DLRViewport.h in Headers */,
				43B4C2121A8C1B2B00680976 /* DLRStoryboardManager.h in Headers */,
				4393736A1A8521A800A552D5 /* UIImage+DLR.h in Headers */,
				433A87021A8561C2008CFA82 /* UIButton+DLR.h in Headers */,
				439373681A8521A800A552D5 /* UIColor+DLR.h in Headers */,
				4362BDC01A8ABA5900B3A89E /* UIDevice+DLR.h in Headers */,
				439373661A8521A800A552D5 /* UIApplication+DLRLocalNotifications.h in Headers */,
				4393736C1A8521A800A552D5 /* UIView+DLRLayoutConstraints.h in Headers */,
				435C37501B151C98003A0910 /* UIViewController+DLRPresentedViewController.h in Headers */,
				4393736E1A8521A800A552D5 /* UIView+DLRRoundedCorners.h in Headers */,
				439373701A8521A800A552D5 /* UIViewController+DLRParentViewController.h in Headers */,
				43B4C20D1A8C19C300680976 /* UIViewController+DLRStoryboardManager.h in Headers */,
				4388EE101AF11DA400CD2140 /* UINavigationController+DLR.h in Headers */,
			);
			runOnlyForDeploymentPostprocessing = 0;
		};
/* End PBXHeadersBuildPhase section */

/* Begin PBXNativeTarget section */
		432270291A854C0B00EC6EED /* DLRUIKitExampleApp */ = {
			isa = PBXNativeTarget;
			buildConfigurationList = 4322704A1A854C0C00EC6EED /* Build configuration list for PBXNativeTarget "DLRUIKitExampleApp" */;
			buildPhases = (
				432270261A854C0B00EC6EED /* Sources */,
				432270271A854C0B00EC6EED /* Frameworks */,
				432270281A854C0B00EC6EED /* Resources */,
			);
			buildRules = (
			);
			dependencies = (
			);
			name = DLRUIKitExampleApp;
			productName = DLRUIKitExampleApp;
			productReference = 4322702A1A854C0B00EC6EED /* DLRUIKitExampleApp.app */;
			productType = "com.apple.product-type.application";
		};
		439372E61A851D8B00A552D5 /* DLRUIKit */ = {
			isa = PBXNativeTarget;
			buildConfigurationList = 439372FD1A851D8B00A552D5 /* Build configuration list for PBXNativeTarget "DLRUIKit" */;
			buildPhases = (
				439372E21A851D8B00A552D5 /* Sources */,
				439372E31A851D8B00A552D5 /* Frameworks */,
				439372E41A851D8B00A552D5 /* Headers */,
				439372E51A851D8B00A552D5 /* Resources */,
			);
			buildRules = (
			);
			dependencies = (
			);
			name = DLRUIKit;
			productName = DLRUIKit;
			productReference = 439372E71A851D8B00A552D5 /* DLRUIKit.framework */;
			productType = "com.apple.product-type.framework";
		};
		439372F11A851D8B00A552D5 /* DLRUIKitTests */ = {
			isa = PBXNativeTarget;
			buildConfigurationList = 439373001A851D8B00A552D5 /* Build configuration list for PBXNativeTarget "DLRUIKitTests" */;
			buildPhases = (
				439372EE1A851D8B00A552D5 /* Sources */,
				439372EF1A851D8B00A552D5 /* Frameworks */,
				439372F01A851D8B00A552D5 /* Resources */,
			);
			buildRules = (
			);
			dependencies = (
				439372F51A851D8B00A552D5 /* PBXTargetDependency */,
				432270511A854C3500EC6EED /* PBXTargetDependency */,
			);
			name = DLRUIKitTests;
			productName = DLRUIKitTests;
			productReference = 439372F21A851D8B00A552D5 /* DLRUIKitTests.xctest */;
			productType = "com.apple.product-type.bundle.unit-test";
		};
/* End PBXNativeTarget section */

/* Begin PBXProject section */
		439372DE1A851D8B00A552D5 /* Project object */ = {
			isa = PBXProject;
			attributes = {
				LastUpgradeCheck = 0610;
				ORGANIZATIONNAME = "Detroit Labs, LLC";
				TargetAttributes = {
					432270291A854C0B00EC6EED = {
						CreatedOnToolsVersion = 6.1.1;
					};
					439372E61A851D8B00A552D5 = {
						CreatedOnToolsVersion = 6.1.1;
					};
					439372F11A851D8B00A552D5 = {
						CreatedOnToolsVersion = 6.1.1;
						TestTargetID = 432270291A854C0B00EC6EED;
					};
				};
			};
			buildConfigurationList = 439372E11A851D8B00A552D5 /* Build configuration list for PBXProject "DLRUIKit" */;
			compatibilityVersion = "Xcode 3.2";
			developmentRegion = English;
			hasScannedForEncodings = 0;
			knownRegions = (
				en,
				Base,
			);
			mainGroup = 439372DD1A851D8B00A552D5;
			productRefGroup = 439372E81A851D8B00A552D5 /* Products */;
			projectDirPath = "";
			projectRoot = "";
			targets = (
				439372E61A851D8B00A552D5 /* DLRUIKit */,
				439372F11A851D8B00A552D5 /* DLRUIKitTests */,
				432270291A854C0B00EC6EED /* DLRUIKitExampleApp */,
			);
		};
/* End PBXProject section */

/* Begin PBXResourcesBuildPhase section */
		432270281A854C0B00EC6EED /* Resources */ = {
			isa = PBXResourcesBuildPhase;
			buildActionMask = 2147483647;
			files = (
				432270381A854C0C00EC6EED /* Main.storyboard in Resources */,
				4322703D1A854C0C00EC6EED /* LaunchScreen.xib in Resources */,
				43B4C2161A8C1CB100680976 /* Another.storyboard in Resources */,
				4322703A1A854C0C00EC6EED /* Images.xcassets in Resources */,
			);
			runOnlyForDeploymentPostprocessing = 0;
		};
		439372E51A851D8B00A552D5 /* Resources */ = {
			isa = PBXResourcesBuildPhase;
			buildActionMask = 2147483647;
			files = (
			);
			runOnlyForDeploymentPostprocessing = 0;
		};
		439372F01A851D8B00A552D5 /* Resources */ = {
			isa = PBXResourcesBuildPhase;
			buildActionMask = 2147483647;
			files = (
			);
			runOnlyForDeploymentPostprocessing = 0;
		};
/* End PBXResourcesBuildPhase section */

/* Begin PBXSourcesBuildPhase section */
		432270261A854C0B00EC6EED /* Sources */ = {
			isa = PBXSourcesBuildPhase;
			buildActionMask = 2147483647;
			files = (
				433A87091A856929008CFA82 /* ParentViewController.m in Sources */,
				432270321A854C0B00EC6EED /* AppDelegate.m in Sources */,
				433C5A041AC338250014EFB8 /* LayoutConstraintViewController.m in Sources */,
				43B4C21F1A8C229E00680976 /* DLRStoryboardManager+Another.m in Sources */,
				4322702F1A854C0B00EC6EED /* main.m in Sources */,
				433A86FF1A85606A008CFA82 /* ButtonViewController.m in Sources */,
				433676F81A8553D80012D0FE /* ColorViewController.m in Sources */,
				43B4C2191A8C1D4900680976 /* AnotherViewController.m in Sources */,
				43B4C20A1A8C194C00680976 /* ChildViewController.m in Sources */,
				43B4C21C1A8C21E500680976 /* DLRStoryboardManager+Main.m in Sources */,
			);
			runOnlyForDeploymentPostprocessing = 0;
		};
		439372E21A851D8B00A552D5 /* Sources */ = {
			isa = PBXSourcesBuildPhase;
			buildActionMask = 2147483647;
			files = (
				43B4C20E1A8C19C300680976 /* UIViewController+DLRStoryboardManager.m in Sources */,
				433C59FD1AC335BE0014EFB8 /* DLRLayoutConstraint.m in Sources */,
				433A87031A8561C2008CFA82 /* UIButton+DLR.m in Sources */,
				439373711A8521A800A552D5 /* UIViewController+DLRParentViewController.m in Sources */,
				4393736D1A8521A800A552D5 /* UIView+DLRLayoutConstraints.m in Sources */,
				4362BDC11A8ABA5900B3A89E /* UIDevice+DLR.m in Sources */,
				4393736F1A8521A800A552D5 /* UIView+DLRRoundedCorners.m in Sources */,
				4388EE171AF11E9100CD2140 /* UIViewController+DLRNavigationController.m in Sources */,
				43B4C2131A8C1B2B00680976 /* DLRStoryboardManager.m in Sources */,
				4393736B1A8521A800A552D5 /* UIImage+DLR.m in Sources */,
				4388EE111AF11DA400CD2140 /* UINavigationController+DLR.m in Sources */,
				439373731A8521A800A552D5 /* UIWebView+DLRViewport.m in Sources */,
				439373691A8521A800A552D5 /* UIColor+DLR.m in Sources */,
				435C37511B151C98003A0910 /* UIViewController+DLRPresentedViewController.m in Sources */,
				439373671A8521A800A552D5 /* UIApplication+DLRLocalNotifications.m in Sources */,
			);
			runOnlyForDeploymentPostprocessing = 0;
		};
		439372EE1A851D8B00A552D5 /* Sources */ = {
			isa = PBXSourcesBuildPhase;
			buildActionMask = 2147483647;
			files = (
				433C59EF1AC30B100014EFB8 /* UIViewController+DLRStoryboardManagerTests.m in Sources */,
				4388EE131AF11DB700CD2140 /* UINavigationController+DLRTests.m in Sources */,
				433C59F81AC311230014EFB8 /* DLRStoryboardManagerTests.m in Sources */,
				433A87051A856455008CFA82 /* UIButton+DLRTests.m in Sources */,
				4393737E1A85220F00A552D5 /* UIImage+DLRTests.m in Sources */,
				4393737F1A85220F00A552D5 /* UIView+DLRLayoutConstraintsTests.m in Sources */,
				4362BDC31A8AC0C400B3A89E /* UIDevice+DLRTests.m in Sources */,
				4388EE191AF11F0200CD2140 /* UIViewController+DLRNavigationControllerTests.m in Sources */,
				4393737D1A85220F00A552D5 /* UIColor+DLRTests.m in Sources */,
				4393737C1A85220F00A552D5 /* UIApplication+DLRLocalNotificationsTests.m in Sources */,
				439373821A85220F00A552D5 /* UIWebView+DLRViewportTests.m in Sources */,
				435C37531B151DA9003A0910 /* UIViewController+DLRPresentedViewControllerTests.m in Sources */,
				433C5A001AC336B10014EFB8 /* DLRLayoutConstraintTests.m in Sources */,
				439373811A85220F00A552D5 /* UIViewController+DLRParentViewControllerTests.m in Sources */,
				439373801A85220F00A552D5 /* UIView+DLRRoundedCornersTests.m in Sources */,
			);
			runOnlyForDeploymentPostprocessing = 0;
		};
/* End PBXSourcesBuildPhase section */

/* Begin PBXTargetDependency section */
		432270511A854C3500EC6EED /* PBXTargetDependency */ = {
			isa = PBXTargetDependency;
			target = 432270291A854C0B00EC6EED /* DLRUIKitExampleApp */;
			targetProxy = 432270501A854C3500EC6EED /* PBXContainerItemProxy */;
		};
		439372F51A851D8B00A552D5 /* PBXTargetDependency */ = {
			isa = PBXTargetDependency;
			target = 439372E61A851D8B00A552D5 /* DLRUIKit */;
			targetProxy = 439372F41A851D8B00A552D5 /* PBXContainerItemProxy */;
		};
/* End PBXTargetDependency section */

/* Begin PBXVariantGroup section */
		432270361A854C0C00EC6EED /* Main.storyboard */ = {
			isa = PBXVariantGroup;
			children = (
				432270371A854C0C00EC6EED /* Base */,
			);
			name = Main.storyboard;
			sourceTree = "<group>";
		};
		4322703B1A854C0C00EC6EED /* LaunchScreen.xib */ = {
			isa = PBXVariantGroup;
			children = (
				4322703C1A854C0C00EC6EED /* Base */,
			);
			name = LaunchScreen.xib;
			sourceTree = "<group>";
		};
		43B4C2141A8C1CB100680976 /* Another.storyboard */ = {
			isa = PBXVariantGroup;
			children = (
				43B4C2151A8C1CB100680976 /* Base */,
			);
			name = Another.storyboard;
			sourceTree = "<group>";
		};
/* End PBXVariantGroup section */

/* Begin XCBuildConfiguration section */
		4322704B1A854C0C00EC6EED /* Debug */ = {
			isa = XCBuildConfiguration;
			buildSettings = {
				ASSETCATALOG_COMPILER_APPICON_NAME = AppIcon;
				GCC_PREPROCESSOR_DEFINITIONS = (
					"DEBUG=1",
					"$(inherited)",
				);
				INFOPLIST_FILE = DLRUIKitExampleApp/Info.plist;
				LD_RUNPATH_SEARCH_PATHS = "$(inherited) @executable_path/Frameworks";
				PRODUCT_NAME = "$(TARGET_NAME)";
			};
			name = Debug;
		};
		4322704C1A854C0C00EC6EED /* Release */ = {
			isa = XCBuildConfiguration;
			buildSettings = {
				ASSETCATALOG_COMPILER_APPICON_NAME = AppIcon;
				INFOPLIST_FILE = DLRUIKitExampleApp/Info.plist;
				LD_RUNPATH_SEARCH_PATHS = "$(inherited) @executable_path/Frameworks";
				PRODUCT_NAME = "$(TARGET_NAME)";
			};
			name = Release;
		};
		439372FB1A851D8B00A552D5 /* Debug */ = {
			isa = XCBuildConfiguration;
			buildSettings = {
				ALWAYS_SEARCH_USER_PATHS = NO;
				CLANG_CXX_LANGUAGE_STANDARD = "gnu++0x";
				CLANG_CXX_LIBRARY = "libc++";
				CLANG_ENABLE_MODULES = YES;
				CLANG_ENABLE_OBJC_ARC = YES;
				CLANG_WARN_BOOL_CONVERSION = YES;
				CLANG_WARN_CONSTANT_CONVERSION = YES;
				CLANG_WARN_DIRECT_OBJC_ISA_USAGE = YES_ERROR;
				CLANG_WARN_EMPTY_BODY = YES;
				CLANG_WARN_ENUM_CONVERSION = YES;
				CLANG_WARN_INT_CONVERSION = YES;
				CLANG_WARN_OBJC_ROOT_CLASS = YES_ERROR;
				CLANG_WARN_UNREACHABLE_CODE = YES;
				CLANG_WARN__DUPLICATE_METHOD_MATCH = YES;
				"CODE_SIGN_IDENTITY[sdk=iphoneos*]" = "iPhone Developer";
				COPY_PHASE_STRIP = NO;
				CURRENT_PROJECT_VERSION = 1;
				ENABLE_STRICT_OBJC_MSGSEND = YES;
				GCC_C_LANGUAGE_STANDARD = gnu99;
				GCC_DYNAMIC_NO_PIC = NO;
				GCC_OPTIMIZATION_LEVEL = 0;
				GCC_PREPROCESSOR_DEFINITIONS = (
					"DEBUG=1",
					"$(inherited)",
				);
				GCC_SYMBOLS_PRIVATE_EXTERN = NO;
				GCC_WARN_64_TO_32_BIT_CONVERSION = YES;
				GCC_WARN_ABOUT_RETURN_TYPE = YES_ERROR;
				GCC_WARN_UNDECLARED_SELECTOR = YES;
				GCC_WARN_UNINITIALIZED_AUTOS = YES_AGGRESSIVE;
				GCC_WARN_UNUSED_FUNCTION = YES;
				GCC_WARN_UNUSED_VARIABLE = YES;
				IPHONEOS_DEPLOYMENT_TARGET = 8.1;
				MTL_ENABLE_DEBUG_INFO = YES;
				ONLY_ACTIVE_ARCH = YES;
				SDKROOT = iphoneos;
				TARGETED_DEVICE_FAMILY = "1,2";
				VERSIONING_SYSTEM = "apple-generic";
				VERSION_INFO_PREFIX = "";
			};
			name = Debug;
		};
		439372FC1A851D8B00A552D5 /* Release */ = {
			isa = XCBuildConfiguration;
			buildSettings = {
				ALWAYS_SEARCH_USER_PATHS = NO;
				CLANG_CXX_LANGUAGE_STANDARD = "gnu++0x";
				CLANG_CXX_LIBRARY = "libc++";
				CLANG_ENABLE_MODULES = YES;
				CLANG_ENABLE_OBJC_ARC = YES;
				CLANG_WARN_BOOL_CONVERSION = YES;
				CLANG_WARN_CONSTANT_CONVERSION = YES;
				CLANG_WARN_DIRECT_OBJC_ISA_USAGE = YES_ERROR;
				CLANG_WARN_EMPTY_BODY = YES;
				CLANG_WARN_ENUM_CONVERSION = YES;
				CLANG_WARN_INT_CONVERSION = YES;
				CLANG_WARN_OBJC_ROOT_CLASS = YES_ERROR;
				CLANG_WARN_UNREACHABLE_CODE = YES;
				CLANG_WARN__DUPLICATE_METHOD_MATCH = YES;
				"CODE_SIGN_IDENTITY[sdk=iphoneos*]" = "iPhone Developer";
				COPY_PHASE_STRIP = YES;
				CURRENT_PROJECT_VERSION = 1;
				ENABLE_NS_ASSERTIONS = NO;
				ENABLE_STRICT_OBJC_MSGSEND = YES;
				GCC_C_LANGUAGE_STANDARD = gnu99;
				GCC_WARN_64_TO_32_BIT_CONVERSION = YES;
				GCC_WARN_ABOUT_RETURN_TYPE = YES_ERROR;
				GCC_WARN_UNDECLARED_SELECTOR = YES;
				GCC_WARN_UNINITIALIZED_AUTOS = YES_AGGRESSIVE;
				GCC_WARN_UNUSED_FUNCTION = YES;
				GCC_WARN_UNUSED_VARIABLE = YES;
				IPHONEOS_DEPLOYMENT_TARGET = 8.1;
				MTL_ENABLE_DEBUG_INFO = NO;
				SDKROOT = iphoneos;
				TARGETED_DEVICE_FAMILY = "1,2";
				VALIDATE_PRODUCT = YES;
				VERSIONING_SYSTEM = "apple-generic";
				VERSION_INFO_PREFIX = "";
			};
			name = Release;
		};
		439372FE1A851D8B00A552D5 /* Debug */ = {
			isa = XCBuildConfiguration;
			buildSettings = {
				DEFINES_MODULE = YES;
				DYLIB_COMPATIBILITY_VERSION = 1;
				DYLIB_CURRENT_VERSION = 1;
				DYLIB_INSTALL_NAME_BASE = "@rpath";
				GCC_GENERATE_TEST_COVERAGE_FILES = YES;
				GCC_INSTRUMENT_PROGRAM_FLOW_ARCS = YES;
				INFOPLIST_FILE = DLRUIKit/Info.plist;
				INSTALL_PATH = "$(LOCAL_LIBRARY_DIR)/Frameworks";
				LD_RUNPATH_SEARCH_PATHS = "$(inherited) @executable_path/Frameworks @loader_path/Frameworks";
				PRODUCT_NAME = "$(TARGET_NAME)";
				SKIP_INSTALL = YES;
			};
			name = Debug;
		};
		439372FF1A851D8B00A552D5 /* Release */ = {
			isa = XCBuildConfiguration;
			buildSettings = {
				DEFINES_MODULE = YES;
				DYLIB_COMPATIBILITY_VERSION = 1;
				DYLIB_CURRENT_VERSION = 1;
				DYLIB_INSTALL_NAME_BASE = "@rpath";
				GCC_GENERATE_TEST_COVERAGE_FILES = YES;
				GCC_INSTRUMENT_PROGRAM_FLOW_ARCS = YES;
				INFOPLIST_FILE = DLRUIKit/Info.plist;
				INSTALL_PATH = "$(LOCAL_LIBRARY_DIR)/Frameworks";
				LD_RUNPATH_SEARCH_PATHS = "$(inherited) @executable_path/Frameworks @loader_path/Frameworks";
				PRODUCT_NAME = "$(TARGET_NAME)";
				SKIP_INSTALL = YES;
			};
			name = Release;
		};
		439373011A851D8B00A552D5 /* Debug */ = {
			isa = XCBuildConfiguration;
			buildSettings = {
				BUNDLE_LOADER = "$(TEST_HOST)";
				FRAMEWORK_SEARCH_PATHS = (
					"$(SDKROOT)/Developer/Library/Frameworks",
					"$(inherited)",
				);
				GCC_PREPROCESSOR_DEFINITIONS = (
					"DEBUG=1",
					"$(inherited)",
				);
				INFOPLIST_FILE = DLRUIKitTests/Info.plist;
				LD_RUNPATH_SEARCH_PATHS = "$(inherited) @executable_path/Frameworks @loader_path/Frameworks";
				PRODUCT_NAME = "$(TARGET_NAME)";
				TEST_HOST = "$(BUILT_PRODUCTS_DIR)/DLRUIKitExampleApp.app/DLRUIKitExampleApp";
			};
			name = Debug;
		};
		439373021A851D8B00A552D5 /* Release */ = {
			isa = XCBuildConfiguration;
			buildSettings = {
				BUNDLE_LOADER = "$(TEST_HOST)";
				FRAMEWORK_SEARCH_PATHS = (
					"$(SDKROOT)/Developer/Library/Frameworks",
					"$(inherited)",
				);
				INFOPLIST_FILE = DLRUIKitTests/Info.plist;
				LD_RUNPATH_SEARCH_PATHS = "$(inherited) @executable_path/Frameworks @loader_path/Frameworks";
				PRODUCT_NAME = "$(TARGET_NAME)";
				TEST_HOST = "$(BUILT_PRODUCTS_DIR)/DLRUIKitExampleApp.app/DLRUIKitExampleApp";
			};
			name = Release;
		};
/* End XCBuildConfiguration section */

/* Begin XCConfigurationList section */
		4322704A1A854C0C00EC6EED /* Build configuration list for PBXNativeTarget "DLRUIKitExampleApp" */ = {
			isa = XCConfigurationList;
			buildConfigurations = (
				4322704B1A854C0C00EC6EED /* Debug */,
				4322704C1A854C0C00EC6EED /* Release */,
			);
			defaultConfigurationIsVisible = 0;
			defaultConfigurationName = Release;
		};
		439372E11A851D8B00A552D5 /* Build configuration list for PBXProject "DLRUIKit" */ = {
			isa = XCConfigurationList;
			buildConfigurations = (
				439372FB1A851D8B00A552D5 /* Debug */,
				439372FC1A851D8B00A552D5 /* Release */,
			);
			defaultConfigurationIsVisible = 0;
			defaultConfigurationName = Release;
		};
		439372FD1A851D8B00A552D5 /* Build configuration list for PBXNativeTarget "DLRUIKit" */ = {
			isa = XCConfigurationList;
			buildConfigurations = (
				439372FE1A851D8B00A552D5 /* Debug */,
				439372FF1A851D8B00A552D5 /* Release */,
			);
			defaultConfigurationIsVisible = 0;
			defaultConfigurationName = Release;
		};
		439373001A851D8B00A552D5 /* Build configuration list for PBXNativeTarget "DLRUIKitTests" */ = {
			isa = XCConfigurationList;
			buildConfigurations = (
				439373011A851D8B00A552D5 /* Debug */,
				439373021A851D8B00A552D5 /* Release */,
			);
			defaultConfigurationIsVisible = 0;
			defaultConfigurationName = Release;
		};
/* End XCConfigurationList section */
	};
	rootObject = 439372DE1A851D8B00A552D5 /* Project object */;
}
